
Microsoft Visual Studio Solution File, Format Version 12.00
# Visual Studio Version 17
VisualStudioVersion = 17.9.34728.123
MinimumVisualStudioVersion = 10.0.40219.1
Project("{FAE04EC0-301F-11D3-BF4B-00C04F79EFBC}") = "CandyShop", "CandyShop\CandyShop.csproj", "{ED9FB0BE-3C66-485E-BFEF-50E2740B2AF3}"
EndProject
Global
	GlobalSection(SolutionConfigurationPlatforms) = preSolution
		Debug|Any CPU = Debug|Any CPU
		Release|Any CPU = Release|Any CPU
	EndGlobalSection
	GlobalSection(ProjectConfigurationPlatforms) = postSolution
		{ED9FB0BE-3C66-485E-BFEF-50E2740B2AF3}.Debug|Any CPU.ActiveCfg = Debug|Any CPU
		{ED9FB0BE-3C66-485E-BFEF-50E2740B2AF3}.Debug|Any CPU.Build.0 = Debug|Any CPU
		{ED9FB0BE-3C66-485E-BFEF-50E2740B2AF3}.Release|Any CPU.ActiveCfg = Release|Any CPU
		{ED9FB0BE-3C66-485E-BFEF-50E2740B2AF3}.Release|Any CPU.Build.0 = Release|Any CPU
	EndGlobalSection
	GlobalSection(SolutionProperties) = preSolution
		HideSolutionNode = FALSE
	EndGlobalSection
	GlobalSection(ExtensibilityGlobals) = postSolution
		SolutionGuid = {23700927-44EB-4373-B7C3-61E7AB173899}
	EndGlobalSection
EndGlobal
